
Microsoft Visual Studio Solution File, Format Version 12.00
# Visual Studio Version 16
VisualStudioVersion = 16.0.30114.105
MinimumVisualStudioVersion = 10.0.40219.1
Project("{2150E333-8FDC-42A3-9474-1A3956D46DE8}") = "src", "src", "{0994BBBA-C4C5-4E17-BB9C-1E4C9CD5B5B6}"
EndProject
Project("{F2A71F9B-5D33-465A-A702-920D77279786}") = "FSharpQuickStart.Console", "src\FSharpQuickStart.Console\FSharpQuickStart.Console.fsproj", "{6A63B9F3-AA0F-45C1-A7E8-917C8F1F4043}"
EndProject
Project("{2150E333-8FDC-42A3-9474-1A3956D46DE8}") = "tests", "tests", "{D20D4DEC-DCE8-4273-B72A-B16B35C65926}"
EndProject
Project("{F2A71F9B-5D33-465A-A702-920D77279786}") = "FSharpQuickStart.Tests", "tests\FSharpQuickStart.Tests\FSharpQuickStart.Tests.fsproj", "{49E07C90-BE4F-4749-A57A-09B793BCD01E}"
EndProject
Global
	GlobalSection(SolutionConfigurationPlatforms) = preSolution
		Debug|Any CPU = Debug|Any CPU
		Debug|x64 = Debug|x64
		Debug|x86 = Debug|x86
		Release|Any CPU = Release|Any CPU
		Release|x64 = Release|x64
		Release|x86 = Release|x86
	EndGlobalSection
	GlobalSection(SolutionProperties) = preSolution
		HideSolutionNode = FALSE
	EndGlobalSection
	GlobalSection(ProjectConfigurationPlatforms) = postSolution
		{6A63B9F3-AA0F-45C1-A7E8-917C8F1F4043}.Debug|Any CPU.ActiveCfg = Debug|Any CPU
		{6A63B9F3-AA0F-45C1-A7E8-917C8F1F4043}.Debug|Any CPU.Build.0 = Debug|Any CPU
		{6A63B9F3-AA0F-45C1-A7E8-917C8F1F4043}.Debug|x64.ActiveCfg = Debug|Any CPU
		{6A63B9F3-AA0F-45C1-A7E8-917C8F1F4043}.Debug|x64.Build.0 = Debug|Any CPU
		{6A63B9F3-AA0F-45C1-A7E8-917C8F1F4043}.Debug|x86.ActiveCfg = Debug|Any CPU
		{6A63B9F3-AA0F-45C1-A7E8-917C8F1F4043}.Debug|x86.Build.0 = Debug|Any CPU
		{6A63B9F3-AA0F-45C1-A7E8-917C8F1F4043}.Release|Any CPU.ActiveCfg = Release|Any CPU
		{6A63B9F3-AA0F-45C1-A7E8-917C8F1F4043}.Release|Any CPU.Build.0 = Release|Any CPU
		{6A63B9F3-AA0F-45C1-A7E8-917C8F1F4043}.Release|x64.ActiveCfg = Release|Any CPU
		{6A63B9F3-AA0F-45C1-A7E8-917C8F1F4043}.Release|x64.Build.0 = Release|Any CPU
		{6A63B9F3-AA0F-45C1-A7E8-917C8F1F4043}.Release|x86.ActiveCfg = Release|Any CPU
		{6A63B9F3-AA0F-45C1-A7E8-917C8F1F4043}.Release|x86.Build.0 = Release|Any CPU
		{49E07C90-BE4F-4749-A57A-09B793BCD01E}.Debug|Any CPU.ActiveCfg = Debug|Any CPU
		{49E07C90-BE4F-4749-A57A-09B793BCD01E}.Debug|Any CPU.Build.0 = Debug|Any CPU
		{49E07C90-BE4F-4749-A57A-09B793BCD01E}.Debug|x64.ActiveCfg = Debug|Any CPU
		{49E07C90-BE4F-4749-A57A-09B793BCD01E}.Debug|x64.Build.0 = Debug|Any CPU
		{49E07C90-BE4F-4749-A57A-09B793BCD01E}.Debug|x86.ActiveCfg = Debug|Any CPU
		{49E07C90-BE4F-4749-A57A-09B793BCD01E}.Debug|x86.Build.0 = Debug|Any CPU
		{49E07C90-BE4F-4749-A57A-09B793BCD01E}.Release|Any CPU.ActiveCfg = Release|Any CPU
		{49E07C90-BE4F-4749-A57A-09B793BCD01E}.Release|Any CPU.Build.0 = Release|Any CPU
		{49E07C90-BE4F-4749-A57A-09B793BCD01E}.Release|x64.ActiveCfg = Release|Any CPU
		{49E07C90-BE4F-4749-A57A-09B793BCD01E}.Release|x64.Build.0 = Release|Any CPU
		{49E07C90-BE4F-4749-A57A-09B793BCD01E}.Release|x86.ActiveCfg = Release|Any CPU
		{49E07C90-BE4F-4749-A57A-09B793BCD01E}.Release|x86.Build.0 = Release|Any CPU
	EndGlobalSection
	GlobalSection(NestedProjects) = preSolution
		{6A63B9F3-AA0F-45C1-A7E8-917C8F1F4043} = {0994BBBA-C4C5-4E17-BB9C-1E4C9CD5B5B6}
		{49E07C90-BE4F-4749-A57A-09B793BCD01E} = {D20D4DEC-DCE8-4273-B72A-B16B35C65926}
	EndGlobalSection
EndGlobal
